// !$*UTF8*$!
{
	archiveVersion = 1;
	classes = {
	};
	objectVersion = 46;
	objects = {

/* Begin PBXBuildFile section */
		CD2C64CE1B36930100D2DC71 /* icon.png in Resources */ = {isa = PBXBuildFile; fileRef = CD2C64CD1B36930100D2DC71 /* icon.png */; };
		CDB5DD131B48562800FBECC3 /* TAGToolbox.framework in Frameworks */ = {isa = PBXBuildFile; fileRef = CDB5DD121B48562800FBECC3 /* TAGToolbox.framework */; };
		CDB5DD141B48563100FBECC3 /* TAGToolbox.framework in CopyFiles */ = {isa = PBXBuildFile; fileRef = CDB5DD121B48562800FBECC3 /* TAGToolbox.framework */; settings = {ATTRIBUTES = (CodeSignOnCopy, RemoveHeadersOnCopy, ); }; };
		CDFD43CC1B2EA7E5000A61C7 /* InfoPlist.strings in Resources */ = {isa = PBXBuildFile; fileRef = CDFD43CA1B2EA7E5000A61C7 /* InfoPlist.strings */; };
		CDFD43D21B2EA7E5000A61C7 /* main.xib in Resources */ = {isa = PBXBuildFile; fileRef = CDFD43D01B2EA7E5000A61C7 /* main.xib */; };
		CDFD43DA1B2EA80F000A61C7 /* SmartOrganiseFolders.swift in Sources */ = {isa = PBXBuildFile; fileRef = CDFD43D91B2EA80F000A61C7 /* SmartOrganiseFolders.swift */; };
/* End PBXBuildFile section */

/* Begin PBXCopyFilesBuildPhase section */
		CDFD43DD1B2EA838000A61C7 /* CopyFiles */ = {
			isa = PBXCopyFilesBuildPhase;
			buildActionMask = 2147483647;
			dstPath = "";
			dstSubfolderSpec = 10;
			files = (
				CDB5DD141B48563100FBECC3 /* TAGToolbox.framework in CopyFiles */,
			);
			runOnlyForDeploymentPostprocessing = 0;
		};
/* End PBXCopyFilesBuildPhase section */

/* Begin PBXFileReference section */
		CD2C64CD1B36930100D2DC71 /* icon.png */ = {isa = PBXFileReference; lastKnownFileType = image.png; name = icon.png; path = ../icon.png; sourceTree = "<group>"; };
		CDB5DD121B48562800FBECC3 /* TAGToolbox.framework */ = {isa = PBXFileReference; lastKnownFileType = wrapper.framework; name = TAGToolbox.framework; path = "../../../Library/Developer/Xcode/DerivedData/Smart-Organise-gfqexwrtokzrapggsxbsaptvzwqa/Build/Products/Release/TAGToolbox.framework"; sourceTree = "<group>"; };
		CDFD43C51B2EA7E5000A61C7 /* Smart Organise Folders.action */ = {isa = PBXFileReference; explicitFileType = wrapper.cfbundle; includeInIndex = 0; path = "Smart Organise Folders.action"; sourceTree = BUILT_PRODUCTS_DIR; };
		CDFD43C91B2EA7E5000A61C7 /* Info.plist */ = {isa = PBXFileReference; lastKnownFileType = text.plist.xml; path = Info.plist; sourceTree = "<group>"; };
		CDFD43CB1B2EA7E5000A61C7 /* en */ = {isa = PBXFileReference; lastKnownFileType = text.plist.strings; name = en; path = en.lproj/InfoPlist.strings; sourceTree = "<group>"; };
		CDFD43D11B2EA7E5000A61C7 /* Base */ = {isa = PBXFileReference; lastKnownFileType = file.xib; name = Base; path = Base.lproj/main.xib; sourceTree = "<group>"; };
		CDFD43D81B2EA80E000A61C7 /* Smart Organise Folders-Bridging-Header.h */ = {isa = PBXFileReference; lastKnownFileType = sourcecode.c.h; path = "Smart Organise Folders-Bridging-Header.h"; sourceTree = "<group>"; };
		CDFD43D91B2EA80F000A61C7 /* SmartOrganiseFolders.swift */ = {isa = PBXFileReference; fileEncoding = 4; lastKnownFileType = sourcecode.swift; path = SmartOrganiseFolders.swift; sourceTree = "<group>"; };
/* End PBXFileReference section */

/* Begin PBXFrameworksBuildPhase section */
		CDFD43C11B2EA7E5000A61C7 /* Frameworks */ = {
			isa = PBXFrameworksBuildPhase;
			buildActionMask = 2147483647;
			files = (
				CDB5DD131B48562800FBECC3 /* TAGToolbox.framework in Frameworks */,
			);
			runOnlyForDeploymentPostprocessing = 0;
		};
/* End PBXFrameworksBuildPhase section */

/* Begin PBXGroup section */
		CDFD43BB1B2EA7E5000A61C7 = {
			isa = PBXGroup;
			children = (
				CDB5DD121B48562800FBECC3 /* TAGToolbox.framework */,
				CD2C64CD1B36930100D2DC71 /* icon.png */,
				CDFD43C71B2EA7E5000A61C7 /* Smart Organise Folders */,
				CDFD43C61B2EA7E5000A61C7 /* Products */,
			);
			sourceTree = "<group>";
		};
		CDFD43C61B2EA7E5000A61C7 /* Products */ = {
			isa = PBXGroup;
			children = (
				CDFD43C51B2EA7E5000A61C7 /* Smart Organise Folders.action */,
			);
			name = Products;
			sourceTree = "<group>";
		};
		CDFD43C71B2EA7E5000A61C7 /* Smart Organise Folders */ = {
			isa = PBXGroup;
			children = (
				CDFD43D91B2EA80F000A61C7 /* SmartOrganiseFolders.swift */,
				CDFD43D81B2EA80E000A61C7 /* Smart Organise Folders-Bridging-Header.h */,
				CDFD43D01B2EA7E5000A61C7 /* main.xib */,
				CDFD43C81B2EA7E5000A61C7 /* Supporting Files */,
			);
			path = "Smart Organise Folders";
			sourceTree = "<group>";
		};
		CDFD43C81B2EA7E5000A61C7 /* Supporting Files */ = {
			isa = PBXGroup;
			children = (
				CDFD43C91B2EA7E5000A61C7 /* Info.plist */,
				CDFD43CA1B2EA7E5000A61C7 /* InfoPlist.strings */,
			);
			name = "Supporting Files";
			sourceTree = "<group>";
		};
/* End PBXGroup section */

/* Begin PBXNativeTarget section */
		CDFD43C41B2EA7E5000A61C7 /* Smart Organise Folders */ = {
			isa = PBXNativeTarget;
			buildConfigurationList = CDFD43D51B2EA7E5000A61C7 /* Build configuration list for PBXNativeTarget "Smart Organise Folders" */;
			buildPhases = (
				CDFD43C01B2EA7E5000A61C7 /* Sources */,
				CDFD43C11B2EA7E5000A61C7 /* Frameworks */,
				CDFD43C21B2EA7E5000A61C7 /* Resources */,
				CDFD43DD1B2EA838000A61C7 /* CopyFiles */,
				CDFD43C31B2EA7E5000A61C7 /* ShellScript */,
			);
			buildRules = (
			);
			dependencies = (
			);
			name = "Smart Organise Folders";
			productName = "Smart Organise Folders";
			productReference = CDFD43C51B2EA7E5000A61C7 /* Smart Organise Folders.action */;
			productType = "com.apple.product-type.bundle";
		};
/* End PBXNativeTarget section */

/* Begin PBXProject section */
		CDFD43BC1B2EA7E5000A61C7 /* Project object */ = {
			isa = PBXProject;
			attributes = {
				LastUpgradeCheck = 0630;
				TargetAttributes = {
					CDFD43C41B2EA7E5000A61C7 = {
						CreatedOnToolsVersion = 6.3.2;
					};
				};
			};
			buildConfigurationList = CDFD43BF1B2EA7E5000A61C7 /* Build configuration list for PBXProject "Smart Organise Folders" */;
			compatibilityVersion = "Xcode 3.2";
			developmentRegion = English;
			hasScannedForEncodings = 0;
			knownRegions = (
				en,
				Base,
			);
			mainGroup = CDFD43BB1B2EA7E5000A61C7;
			productRefGroup = CDFD43C61B2EA7E5000A61C7 /* Products */;
			projectDirPath = "";
			projectRoot = "";
			targets = (
				CDFD43C41B2EA7E5000A61C7 /* Smart Organise Folders */,
			);
		};
/* End PBXProject section */

/* Begin PBXResourcesBuildPhase section */
		CDFD43C21B2EA7E5000A61C7 /* Resources */ = {
			isa = PBXResourcesBuildPhase;
			buildActionMask = 2147483647;
			files = (
				CDFD43D21B2EA7E5000A61C7 /* main.xib in Resources */,
				CDFD43CC1B2EA7E5000A61C7 /* InfoPlist.strings in Resources */,
				CD2C64CE1B36930100D2DC71 /* icon.png in Resources */,
			);
			runOnlyForDeploymentPostprocessing = 0;
		};
/* End PBXResourcesBuildPhase section */

/* Begin PBXShellScriptBuildPhase section */
		CDFD43C31B2EA7E5000A61C7 /* ShellScript */ = {
			isa = PBXShellScriptBuildPhase;
			buildActionMask = 2147483647;
			files = (
			);
			inputPaths = (
			);
			outputPaths = (
			);
			runOnlyForDeploymentPostprocessing = 0;
			shellPath = /bin/sh;
			shellScript = "amlint \"${BUILT_PRODUCTS_DIR}/${FULL_PRODUCT_NAME}\"";
		};
/* End PBXShellScriptBuildPhase section */

/* Begin PBXSourcesBuildPhase section */
		CDFD43C01B2EA7E5000A61C7 /* Sources */ = {
			isa = PBXSourcesBuildPhase;
			buildActionMask = 2147483647;
			files = (
				CDFD43DA1B2EA80F000A61C7 /* SmartOrganiseFolders.swift in Sources */,
			);
			runOnlyForDeploymentPostprocessing = 0;
		};
/* End PBXSourcesBuildPhase section */

/* Begin PBXVariantGroup section */
		CDFD43CA1B2EA7E5000A61C7 /* InfoPlist.strings */ = {
			isa = PBXVariantGroup;
			children = (
				CDFD43CB1B2EA7E5000A61C7 /* en */,
			);
			name = InfoPlist.strings;
			sourceTree = "<group>";
		};
		CDFD43D01B2EA7E5000A61C7 /* main.xib */ = {
			isa = PBXVariantGroup;
			children = (
				CDFD43D11B2EA7E5000A61C7 /* Base */,
			);
			name = main.xib;
			sourceTree = "<group>";
		};
/* End PBXVariantGroup section */

/* Begin XCBuildConfiguration section */
		CDFD43D31B2EA7E5000A61C7 /* Debug */ = {
			isa = XCBuildConfiguration;
			buildSettings = {
				ALWAYS_SEARCH_USER_PATHS = NO;
				CLANG_CXX_LANGUAGE_STANDARD = "gnu++0x";
				CLANG_CXX_LIBRARY = "libc++";
				CLANG_ENABLE_MODULES = YES;
				CLANG_ENABLE_OBJC_ARC = YES;
				CLANG_WARN_BOOL_CONVERSION = YES;
				CLANG_WARN_CONSTANT_CONVERSION = YES;
				CLANG_WARN_DIRECT_OBJC_ISA_USAGE = YES_ERROR;
				CLANG_WARN_EMPTY_BODY = YES;
				CLANG_WARN_ENUM_CONVERSION = YES;
				CLANG_WARN_INT_CONVERSION = YES;
				CLANG_WARN_OBJC_ROOT_CLASS = YES_ERROR;
				CLANG_WARN_UNREACHABLE_CODE = YES;
				CLANG_WARN__DUPLICATE_METHOD_MATCH = YES;
				COPY_PHASE_STRIP = NO;
				DEBUG_INFORMATION_FORMAT = dwarf;
				ENABLE_STRICT_OBJC_MSGSEND = YES;
				GCC_C_LANGUAGE_STANDARD = gnu99;
				GCC_DYNAMIC_NO_PIC = NO;
				GCC_NO_COMMON_BLOCKS = YES;
				GCC_OPTIMIZATION_LEVEL = 0;
				GCC_PREPROCESSOR_DEFINITIONS = (
					"DEBUG=1",
					"$(inherited)",
				);
				GCC_SYMBOLS_PRIVATE_EXTERN = NO;
				GCC_WARN_64_TO_32_BIT_CONVERSION = YES;
				GCC_WARN_ABOUT_RETURN_TYPE = YES_ERROR;
				GCC_WARN_UNDECLARED_SELECTOR = YES;
				GCC_WARN_UNINITIALIZED_AUTOS = YES_AGGRESSIVE;
				GCC_WARN_UNUSED_FUNCTION = YES;
				GCC_WARN_UNUSED_VARIABLE = YES;
				MACOSX_DEPLOYMENT_TARGET = 10.10;
				MTL_ENABLE_DEBUG_INFO = YES;
				ONLY_ACTIVE_ARCH = YES;
				SDKROOT = macosx;
			};
			name = Debug;
		};
		CDFD43D41B2EA7E5000A61C7 /* Release */ = {
			isa = XCBuildConfiguration;
			buildSettings = {
				ALWAYS_SEARCH_USER_PATHS = NO;
				CLANG_CXX_LANGUAGE_STANDARD = "gnu++0x";
				CLANG_CXX_LIBRARY = "libc++";
				CLANG_ENABLE_MODULES = YES;
				CLANG_ENABLE_OBJC_ARC = YES;
				CLANG_WARN_BOOL_CONVERSION = YES;
				CLANG_WARN_CONSTANT_CONVERSION = YES;
				CLANG_WARN_DIRECT_OBJC_ISA_USAGE = YES_ERROR;
				CLANG_WARN_EMPTY_BODY = YES;
				CLANG_WARN_ENUM_CONVERSION = YES;
				CLANG_WARN_INT_CONVERSION = YES;
				CLANG_WARN_OBJC_ROOT_CLASS = YES_ERROR;
				CLANG_WARN_UNREACHABLE_CODE = YES;
				CLANG_WARN__DUPLICATE_METHOD_MATCH = YES;
				COPY_PHASE_STRIP = NO;
				DEBUG_INFORMATION_FORMAT = "dwarf-with-dsym";
				ENABLE_NS_ASSERTIONS = NO;
				ENABLE_STRICT_OBJC_MSGSEND = YES;
				GCC_C_LANGUAGE_STANDARD = gnu99;
				GCC_NO_COMMON_BLOCKS = YES;
				GCC_WARN_64_TO_32_BIT_CONVERSION = YES;
				GCC_WARN_ABOUT_RETURN_TYPE = YES_ERROR;
				GCC_WARN_UNDECLARED_SELECTOR = YES;
				GCC_WARN_UNINITIALIZED_AUTOS = YES_AGGRESSIVE;
				GCC_WARN_UNUSED_FUNCTION = YES;
				GCC_WARN_UNUSED_VARIABLE = YES;
				MACOSX_DEPLOYMENT_TARGET = 10.10;
				MTL_ENABLE_DEBUG_INFO = NO;
				SDKROOT = macosx;
			};
			name = Release;
		};
		CDFD43D61B2EA7E5000A61C7 /* Debug */ = {
			isa = XCBuildConfiguration;
			buildSettings = {
				CLANG_ENABLE_MODULES = YES;
				COMBINE_HIDPI_IMAGES = YES;
				EMBEDDED_CONTENT_CONTAINS_SWIFT = YES;
				FRAMEWORK_SEARCH_PATHS = (
					"$(inherited)",
					"$(USER_LIBRARY_DIR)/Developer/Xcode/DerivedData/Smart-Organise-gfqexwrtokzrapggsxbsaptvzwqa/Build/Products/Debug",
					"$(USER_LIBRARY_DIR)/Developer/Xcode/DerivedData/Smart-Organise-gfqexwrtokzrapggsxbsaptvzwqa/Build/Products/Release",
				);
				INFOPLIST_FILE = "Smart Organise Folders/Info.plist";
				INSTALL_PATH = "$(HOME)/Library/Automator";
				LD_RUNPATH_SEARCH_PATHS = "$(inherited) @executable_path/../Frameworks @loader_path/../Frameworks";
				OTHER_OSAFLAGS = "-x -t 0 -c 0";
				PRODUCT_NAME = "$(TARGET_NAME)";
				SWIFT_OBJC_BRIDGING_HEADER = "Smart Organise Folders/Smart Organise Folders-Bridging-Header.h";
				SWIFT_OPTIMIZATION_LEVEL = "-Onone";
				WRAPPER_EXTENSION = action;
			};
			name = Debug;
		};
		CDFD43D71B2EA7E5000A61C7 /* Release */ = {
			isa = XCBuildConfiguration;
			buildSettings = {
				CLANG_ENABLE_MODULES = YES;
				COMBINE_HIDPI_IMAGES = YES;
				EMBEDDED_CONTENT_CONTAINS_SWIFT = YES;
				FRAMEWORK_SEARCH_PATHS = (
					"$(inherited)",
					"$(USER_LIBRARY_DIR)/Developer/Xcode/DerivedData/Smart-Organise-gfqexwrtokzrapggsxbsaptvzwqa/Build/Products/Debug",
					"$(USER_LIBRARY_DIR)/Developer/Xcode/DerivedData/Smart-Organise-gfqexwrtokzrapggsxbsaptvzwqa/Build/Products/Release",
				);
				INFOPLIST_FILE = "Smart Organise Folders/Info.plist";
				INSTALL_PATH = "$(HOME)/Library/Automator";
				LD_RUNPATH_SEARCH_PATHS = "$(inherited) @executable_path/../Frameworks @loader_path/../Frameworks";
				OTHER_OSAFLAGS = "-x -t 0 -c 0";
				PRODUCT_NAME = "$(TARGET_NAME)";
				SWIFT_OBJC_BRIDGING_HEADER = "Smart Organise Folders/Smart Organise Folders-Bridging-Header.h";
				WRAPPER_EXTENSION = action;
			};
			name = Release;
		};
/* End XCBuildConfiguration section */

/* Begin XCConfigurationList section */
		CDFD43BF1B2EA7E5000A61C7 /* Build configuration list for PBXProject "Smart Organise Folders" */ = {
			isa = XCConfigurationList;
			buildConfigurations = (
				CDFD43D31B2EA7E5000A61C7 /* Debug */,
				CDFD43D41B2EA7E5000A61C7 /* Release */,
			);
			defaultConfigurationIsVisible = 0;
			defaultConfigurationName = Release;
		};
		CDFD43D51B2EA7E5000A61C7 /* Build configuration list for PBXNativeTarget "Smart Organise Folders" */ = {
			isa = XCConfigurationList;
			buildConfigurations = (
				CDFD43D61B2EA7E5000A61C7 /* Debug */,
				CDFD43D71B2EA7E5000A61C7 /* Release */,
			);
			defaultConfigurationIsVisible = 0;
			defaultConfigurationName = Release;
		};
/* End XCConfigurationList section */
	};
	rootObject = CDFD43BC1B2EA7E5000A61C7 /* Project object */;
}
